// !$*UTF8*$!
{
	archiveVersion = 1;
	classes = {
	};
	objectVersion = 56;
	objects = {

/* Begin PBXBuildFile section */
		7805BC0F2BF7D01B00D89105 /* LoadingButton.swift in Sources */ = {isa = PBXBuildFile; fileRef = 7805BC0E2BF7D01B00D89105 /* LoadingButton.swift */; };
		7805BC172BF7EDF600D89105 /* FeedViewController.swift in Sources */ = {isa = PBXBuildFile; fileRef = 7805BC162BF7EDF600D89105 /* FeedViewController.swift */; };
		7805BC192BF7EE1700D89105 /* ProfileViewController.swift in Sources */ = {isa = PBXBuildFile; fileRef = 7805BC182BF7EE1700D89105 /* ProfileViewController.swift */; };
		7805BC1B2BF7EE3100D89105 /* CouponViewController.swift in Sources */ = {isa = PBXBuildFile; fileRef = 7805BC1A2BF7EE3100D89105 /* CouponViewController.swift */; };
		7813D7B62BEE89100053F224 /* SignUpViewModel.swift in Sources */ = {isa = PBXBuildFile; fileRef = 7813D7B52BEE89100053F224 /* SignUpViewModel.swift */; };
		7813D7B82BEE89E60053F224 /* SignUpState.swift in Sources */ = {isa = PBXBuildFile; fileRef = 7813D7B72BEE89E60053F224 /* SignUpState.swift */; };
		7813D7BE2BEE90B90053F224 /* HomeCoordinator.swift in Sources */ = {isa = PBXBuildFile; fileRef = 7813D7BD2BEE90B90053F224 /* HomeCoordinator.swift */; };
		7813D7C02BEE90CC0053F224 /* HomeViewController.swift in Sources */ = {isa = PBXBuildFile; fileRef = 7813D7BF2BEE90CC0053F224 /* HomeViewController.swift */; };
		7813D7C22BEE9F870053F224 /* HomeViewModel.swift in Sources */ = {isa = PBXBuildFile; fileRef = 7813D7C12BEE9F870053F224 /* HomeViewModel.swift */; };
		78C6A2AE2BFFD4F8004BA684 /* FeedCollectionViewCell.swift in Sources */ = {isa = PBXBuildFile; fileRef = 78C6A2AD2BFFD4F8004BA684 /* FeedCollectionViewCell.swift */; };
		78C6A2B02C00D0E2004BA684 /* TextField.swift in Sources */ = {isa = PBXBuildFile; fileRef = 78C6A2AF2C00D0E2004BA684 /* TextField.swift */; };
		78CA83592C52EF5D00944835 /* WebServiceApi.swift in Sources */ = {isa = PBXBuildFile; fileRef = 78CA83582C52EF5D00944835 /* WebServiceApi.swift */; };
		78CA835C2C54BE2200944835 /* SignUpRequest.swift in Sources */ = {isa = PBXBuildFile; fileRef = 78CA835B2C54BE2200944835 /* SignUpRequest.swift */; };
		78D3945D2C55577B00140C3D /* SignUpResponseError.swift in Sources */ = {isa = PBXBuildFile; fileRef = 78D3945C2C55577B00140C3D /* SignUpResponseError.swift */; };
		78D3945F2C55A78600140C3D /* SignUpResponse.swift in Sources */ = {isa = PBXBuildFile; fileRef = 78D3945E2C55A78600140C3D /* SignUpResponse.swift */; };
		78D394622C57FC7C00140C3D /* SignInRequest.swift in Sources */ = {isa = PBXBuildFile; fileRef = 78D394612C57FC7C00140C3D /* SignInRequest.swift */; };
		78D394642C57FF2B00140C3D /* SignInResponseError.swift in Sources */ = {isa = PBXBuildFile; fileRef = 78D394632C57FF2B00140C3D /* SignInResponseError.swift */; };
		78D9B8952BE53936002A6BA3 /* SignInCoordinator.swift in Sources */ = {isa = PBXBuildFile; fileRef = 78D9B8942BE53936002A6BA3 /* SignInCoordinator.swift */; };
		78D9B8982BE55325002A6BA3 /* SignUpCoordinator.swift in Sources */ = {isa = PBXBuildFile; fileRef = 78D9B8972BE55325002A6BA3 /* SignUpCoordinator.swift */; };
		78DF5FDF2BFE88670056EBB6 /* FeedHighlightView.swift in Sources */ = {isa = PBXBuildFile; fileRef = 78DF5FDE2BFE88670056EBB6 /* FeedHighlightView.swift */; };
		78E11FB72BD83224007379A8 /* SignInState.swift in Sources */ = {isa = PBXBuildFile; fileRef = 78E11FB62BD83224007379A8 /* SignInState.swift */; };
		78E11FBC2BD8447D007379A8 /* SignUpViewController.swift in Sources */ = {isa = PBXBuildFile; fileRef = 78E11FBB2BD8447D007379A8 /* SignUpViewController.swift */; };
		78E481682BFBDE97004737F2 /* FeedTableViewCell.swift in Sources */ = {isa = PBXBuildFile; fileRef = 78E481672BFBDE97004737F2 /* FeedTableViewCell.swift */; };
		78E6DC822C5186F50065311E /* StringExtension.swift in Sources */ = {isa = PBXBuildFile; fileRef = 78E6DC812C5186F50065311E /* StringExtension.swift */; };
		78E6DC842C5286680065311E /* Mask.swift in Sources */ = {isa = PBXBuildFile; fileRef = 78E6DC832C5286680065311E /* Mask.swift */; };
		78F26ED32C5818F10083A26E /* SignInResponse.swift in Sources */ = {isa = PBXBuildFile; fileRef = 78F26ED22C5818F10083A26E /* SignInResponse.swift */; };
		78F26ED62C58286E0083A26E /* ResponseUnauthorized.swift in Sources */ = {isa = PBXBuildFile; fileRef = 78F26ED52C58286E0083A26E /* ResponseUnauthorized.swift */; };
		78F26ED92C582B080083A26E /* SignUpInteractor.swift in Sources */ = {isa = PBXBuildFile; fileRef = 78F26ED82C582B080083A26E /* SignUpInteractor.swift */; };
		78F26EDB2C583B530083A26E /* SignUpRemoteDataSource.swift in Sources */ = {isa = PBXBuildFile; fileRef = 78F26EDA2C583B530083A26E /* SignUpRemoteDataSource.swift */; };
		78F26EDE2C58C3E50083A26E /* SignInRemoteDataSource.swift in Sources */ = {isa = PBXBuildFile; fileRef = 78F26EDD2C58C3E50083A26E /* SignInRemoteDataSource.swift */; };
		78F26EE02C58C4020083A26E /* SignInInteractor.swift in Sources */ = {isa = PBXBuildFile; fileRef = 78F26EDF2C58C4020083A26E /* SignInInteractor.swift */; };
		78F26EE22C58C9090083A26E /* LocalDataSource.swift in Sources */ = {isa = PBXBuildFile; fileRef = 78F26EE12C58C9090083A26E /* LocalDataSource.swift */; };
		78F26EE42C58C95E0083A26E /* UserAuth.swift in Sources */ = {isa = PBXBuildFile; fileRef = 78F26EE32C58C95E0083A26E /* UserAuth.swift */; };
		78F26EE72C58D2D20083A26E /* SplashInteractor.swift in Sources */ = {isa = PBXBuildFile; fileRef = 78F26EE62C58D2D20083A26E /* SplashInteractor.swift */; };
		78F26EE92C58D3220083A26E /* SplashRequest.swift in Sources */ = {isa = PBXBuildFile; fileRef = 78F26EE82C58D3220083A26E /* SplashRequest.swift */; };
		78F26EEB2C58D3E60083A26E /* SplashRemoteDataSource.swift in Sources */ = {isa = PBXBuildFile; fileRef = 78F26EEA2C58D3E60083A26E /* SplashRemoteDataSource.swift */; };
		78F26EEE2C58DCA60083A26E /* FeedViewModel.swift in Sources */ = {isa = PBXBuildFile; fileRef = 78F26EED2C58DCA60083A26E /* FeedViewModel.swift */; };
		78F26EF02C58DECA0083A26E /* FeedState.swift in Sources */ = {isa = PBXBuildFile; fileRef = 78F26EEF2C58DECA0083A26E /* FeedState.swift */; };
		78F26EF32C58E0310083A26E /* FeedInteractor.swift in Sources */ = {isa = PBXBuildFile; fileRef = 78F26EF22C58E0310083A26E /* FeedInteractor.swift */; };
		78F26EF62C58E1C30083A26E /* FeedResponse.swift in Sources */ = {isa = PBXBuildFile; fileRef = 78F26EF52C58E1C30083A26E /* FeedResponse.swift */; };
		78F26EF82C58E3970083A26E /* FeedRemoteDataSource.swift in Sources */ = {isa = PBXBuildFile; fileRef = 78F26EF72C58E3970083A26E /* FeedRemoteDataSource.swift */; };
		78F26EFA2C58E4E00083A26E /* FeedRequest.swift in Sources */ = {isa = PBXBuildFile; fileRef = 78F26EF92C58E4E00083A26E /* FeedRequest.swift */; };
		78F26EFD2C58F6E70083A26E /* SDWebImage in Frameworks */ = {isa = PBXBuildFile; productRef = 78F26EFC2C58F6E70083A26E /* SDWebImage */; };
		78F26EFF2C58F6E70083A26E /* SDWebImageMapKit in Frameworks */ = {isa = PBXBuildFile; productRef = 78F26EFE2C58F6E70083A26E /* SDWebImageMapKit */; };
		78F26F012C58FDE20083A26E /* HighlightResponse.swift in Sources */ = {isa = PBXBuildFile; fileRef = 78F26F002C58FDE20083A26E /* HighlightResponse.swift */; };
		78F26F042C595E190083A26E /* FeedCoordinator.swift in Sources */ = {isa = PBXBuildFile; fileRef = 78F26F032C595E190083A26E /* FeedCoordinator.swift */; };
		78F26F0B2C598C520083A26E /* ProductDetailCoordinator.swift in Sources */ = {isa = PBXBuildFile; fileRef = 78F26F0A2C598C520083A26E /* ProductDetailCoordinator.swift */; };
		78F26F0D2C598C7B0083A26E /* ProductDetailViewController.swift in Sources */ = {isa = PBXBuildFile; fileRef = 78F26F0C2C598C7B0083A26E /* ProductDetailViewController.swift */; };
		78F26F102C598E070083A26E /* ProductDetailInteractor.swift in Sources */ = {isa = PBXBuildFile; fileRef = 78F26F0F2C598E070083A26E /* ProductDetailInteractor.swift */; };
		78F26F122C598E240083A26E /* ProductDetailRemoteDataSource.swift in Sources */ = {isa = PBXBuildFile; fileRef = 78F26F112C598E240083A26E /* ProductDetailRemoteDataSource.swift */; };
		78F26F142C598ECD0083A26E /* ProductDetailViewModel.swift in Sources */ = {isa = PBXBuildFile; fileRef = 78F26F132C598ECD0083A26E /* ProductDetailViewModel.swift */; };
		78F26F162C598EEF0083A26E /* ProductDetailState.swift in Sources */ = {isa = PBXBuildFile; fileRef = 78F26F152C598EEF0083A26E /* ProductDetailState.swift */; };
		78F26F182C599BDC0083A26E /* Doubles.swift in Sources */ = {isa = PBXBuildFile; fileRef = 78F26F172C599BDC0083A26E /* Doubles.swift */; };
		9C4980852926903B00865576 /* AppDelegate.swift in Sources */ = {isa = PBXBuildFile; fileRef = 9C4980842926903B00865576 /* AppDelegate.swift */; };
		9C4980872926903B00865576 /* SceneDelegate.swift in Sources */ = {isa = PBXBuildFile; fileRef = 9C4980862926903B00865576 /* SceneDelegate.swift */; };
		9C49808E2926903D00865576 /* Assets.xcassets in Resources */ = {isa = PBXBuildFile; fileRef = 9C49808D2926903D00865576 /* Assets.xcassets */; };
		9C4980912926903D00865576 /* LaunchScreen.storyboard in Resources */ = {isa = PBXBuildFile; fileRef = 9C49808F2926903D00865576 /* LaunchScreen.storyboard */; };
		9C49809B2926D22500865576 /* SignInViewController.swift in Sources */ = {isa = PBXBuildFile; fileRef = 9C49809A2926D22500865576 /* SignInViewController.swift */; };
		9C952EFC2927E37F001DD7AA /* SignInViewModel.swift in Sources */ = {isa = PBXBuildFile; fileRef = 9C952EFB2927E37F001DD7AA /* SignInViewModel.swift */; };
/* End PBXBuildFile section */

/* Begin PBXFileReference section */
		7805BC0E2BF7D01B00D89105 /* LoadingButton.swift */ = {isa = PBXFileReference; lastKnownFileType = sourcecode.swift; path = LoadingButton.swift; sourceTree = "<group>"; };
		7805BC162BF7EDF600D89105 /* FeedViewController.swift */ = {isa = PBXFileReference; lastKnownFileType = sourcecode.swift; path = FeedViewController.swift; sourceTree = "<group>"; };
		7805BC182BF7EE1700D89105 /* ProfileViewController.swift */ = {isa = PBXFileReference; lastKnownFileType = sourcecode.swift; path = ProfileViewController.swift; sourceTree = "<group>"; };
		7805BC1A2BF7EE3100D89105 /* CouponViewController.swift */ = {isa = PBXFileReference; lastKnownFileType = sourcecode.swift; path = CouponViewController.swift; sourceTree = "<group>"; };
		7813D7B52BEE89100053F224 /* SignUpViewModel.swift */ = {isa = PBXFileReference; lastKnownFileType = sourcecode.swift; path = SignUpViewModel.swift; sourceTree = "<group>"; };
		7813D7B72BEE89E60053F224 /* SignUpState.swift */ = {isa = PBXFileReference; lastKnownFileType = sourcecode.swift; path = SignUpState.swift; sourceTree = "<group>"; };
		7813D7BD2BEE90B90053F224 /* HomeCoordinator.swift */ = {isa = PBXFileReference; lastKnownFileType = sourcecode.swift; path = HomeCoordinator.swift; sourceTree = "<group>"; };
		7813D7BF2BEE90CC0053F224 /* HomeViewController.swift */ = {isa = PBXFileReference; lastKnownFileType = sourcecode.swift; path = HomeViewController.swift; sourceTree = "<group>"; };
		7813D7C12BEE9F870053F224 /* HomeViewModel.swift */ = {isa = PBXFileReference; lastKnownFileType = sourcecode.swift; path = HomeViewModel.swift; sourceTree = "<group>"; };
		78C6A2AD2BFFD4F8004BA684 /* FeedCollectionViewCell.swift */ = {isa = PBXFileReference; lastKnownFileType = sourcecode.swift; path = FeedCollectionViewCell.swift; sourceTree = "<group>"; };
		78C6A2AF2C00D0E2004BA684 /* TextField.swift */ = {isa = PBXFileReference; lastKnownFileType = sourcecode.swift; path = TextField.swift; sourceTree = "<group>"; };
		78CA83582C52EF5D00944835 /* WebServiceApi.swift */ = {isa = PBXFileReference; lastKnownFileType = sourcecode.swift; path = WebServiceApi.swift; sourceTree = "<group>"; };
		78CA835B2C54BE2200944835 /* SignUpRequest.swift */ = {isa = PBXFileReference; lastKnownFileType = sourcecode.swift; path = SignUpRequest.swift; sourceTree = "<group>"; };
		78D3945C2C55577B00140C3D /* SignUpResponseError.swift */ = {isa = PBXFileReference; lastKnownFileType = sourcecode.swift; path = SignUpResponseError.swift; sourceTree = "<group>"; };
		78D3945E2C55A78600140C3D /* SignUpResponse.swift */ = {isa = PBXFileReference; lastKnownFileType = sourcecode.swift; path = SignUpResponse.swift; sourceTree = "<group>"; };
		78D394612C57FC7C00140C3D /* SignInRequest.swift */ = {isa = PBXFileReference; lastKnownFileType = sourcecode.swift; path = SignInRequest.swift; sourceTree = "<group>"; };
		78D394632C57FF2B00140C3D /* SignInResponseError.swift */ = {isa = PBXFileReference; lastKnownFileType = sourcecode.swift; path = SignInResponseError.swift; sourceTree = "<group>"; };
		78D9B8942BE53936002A6BA3 /* SignInCoordinator.swift */ = {isa = PBXFileReference; lastKnownFileType = sourcecode.swift; path = SignInCoordinator.swift; sourceTree = "<group>"; };
		78D9B8972BE55325002A6BA3 /* SignUpCoordinator.swift */ = {isa = PBXFileReference; lastKnownFileType = sourcecode.swift; path = SignUpCoordinator.swift; sourceTree = "<group>"; };
		78DF5FDE2BFE88670056EBB6 /* FeedHighlightView.swift */ = {isa = PBXFileReference; lastKnownFileType = sourcecode.swift; path = FeedHighlightView.swift; sourceTree = "<group>"; };
		78E11FB62BD83224007379A8 /* SignInState.swift */ = {isa = PBXFileReference; lastKnownFileType = sourcecode.swift; path = SignInState.swift; sourceTree = "<group>"; };
		78E11FBB2BD8447D007379A8 /* SignUpViewController.swift */ = {isa = PBXFileReference; lastKnownFileType = sourcecode.swift; path = SignUpViewController.swift; sourceTree = "<group>"; };
		78E481672BFBDE97004737F2 /* FeedTableViewCell.swift */ = {isa = PBXFileReference; lastKnownFileType = sourcecode.swift; path = FeedTableViewCell.swift; sourceTree = "<group>"; };
		78E6DC812C5186F50065311E /* StringExtension.swift */ = {isa = PBXFileReference; lastKnownFileType = sourcecode.swift; path = StringExtension.swift; sourceTree = "<group>"; };
		78E6DC832C5286680065311E /* Mask.swift */ = {isa = PBXFileReference; lastKnownFileType = sourcecode.swift; path = Mask.swift; sourceTree = "<group>"; };
		78F26ED22C5818F10083A26E /* SignInResponse.swift */ = {isa = PBXFileReference; lastKnownFileType = sourcecode.swift; path = SignInResponse.swift; sourceTree = "<group>"; };
		78F26ED52C58286E0083A26E /* ResponseUnauthorized.swift */ = {isa = PBXFileReference; lastKnownFileType = sourcecode.swift; path = ResponseUnauthorized.swift; sourceTree = "<group>"; };
		78F26ED82C582B080083A26E /* SignUpInteractor.swift */ = {isa = PBXFileReference; lastKnownFileType = sourcecode.swift; path = SignUpInteractor.swift; sourceTree = "<group>"; };
		78F26EDA2C583B530083A26E /* SignUpRemoteDataSource.swift */ = {isa = PBXFileReference; lastKnownFileType = sourcecode.swift; path = SignUpRemoteDataSource.swift; sourceTree = "<group>"; };
		78F26EDD2C58C3E50083A26E /* SignInRemoteDataSource.swift */ = {isa = PBXFileReference; lastKnownFileType = sourcecode.swift; path = SignInRemoteDataSource.swift; sourceTree = "<group>"; };
		78F26EDF2C58C4020083A26E /* SignInInteractor.swift */ = {isa = PBXFileReference; lastKnownFileType = sourcecode.swift; path = SignInInteractor.swift; sourceTree = "<group>"; };
		78F26EE12C58C9090083A26E /* LocalDataSource.swift */ = {isa = PBXFileReference; lastKnownFileType = sourcecode.swift; path = LocalDataSource.swift; sourceTree = "<group>"; };
		78F26EE32C58C95E0083A26E /* UserAuth.swift */ = {isa = PBXFileReference; lastKnownFileType = sourcecode.swift; path = UserAuth.swift; sourceTree = "<group>"; };
		78F26EE62C58D2D20083A26E /* SplashInteractor.swift */ = {isa = PBXFileReference; lastKnownFileType = sourcecode.swift; path = SplashInteractor.swift; sourceTree = "<group>"; };
		78F26EE82C58D3220083A26E /* SplashRequest.swift */ = {isa = PBXFileReference; lastKnownFileType = sourcecode.swift; path = SplashRequest.swift; sourceTree = "<group>"; };
		78F26EEA2C58D3E60083A26E /* SplashRemoteDataSource.swift */ = {isa = PBXFileReference; lastKnownFileType = sourcecode.swift; path = SplashRemoteDataSource.swift; sourceTree = "<group>"; };
		78F26EED2C58DCA60083A26E /* FeedViewModel.swift */ = {isa = PBXFileReference; lastKnownFileType = sourcecode.swift; path = FeedViewModel.swift; sourceTree = "<group>"; };
		78F26EEF2C58DECA0083A26E /* FeedState.swift */ = {isa = PBXFileReference; lastKnownFileType = sourcecode.swift; path = FeedState.swift; sourceTree = "<group>"; };
		78F26EF22C58E0310083A26E /* FeedInteractor.swift */ = {isa = PBXFileReference; lastKnownFileType = sourcecode.swift; path = FeedInteractor.swift; sourceTree = "<group>"; };
		78F26EF52C58E1C30083A26E /* FeedResponse.swift */ = {isa = PBXFileReference; lastKnownFileType = sourcecode.swift; path = FeedResponse.swift; sourceTree = "<group>"; };
		78F26EF72C58E3970083A26E /* FeedRemoteDataSource.swift */ = {isa = PBXFileReference; lastKnownFileType = sourcecode.swift; path = FeedRemoteDataSource.swift; sourceTree = "<group>"; };
		78F26EF92C58E4E00083A26E /* FeedRequest.swift */ = {isa = PBXFileReference; lastKnownFileType = sourcecode.swift; path = FeedRequest.swift; sourceTree = "<group>"; };
		78F26F002C58FDE20083A26E /* HighlightResponse.swift */ = {isa = PBXFileReference; lastKnownFileType = sourcecode.swift; path = HighlightResponse.swift; sourceTree = "<group>"; };
		78F26F032C595E190083A26E /* FeedCoordinator.swift */ = {isa = PBXFileReference; lastKnownFileType = sourcecode.swift; path = FeedCoordinator.swift; sourceTree = "<group>"; };
		78F26F0A2C598C520083A26E /* ProductDetailCoordinator.swift */ = {isa = PBXFileReference; lastKnownFileType = sourcecode.swift; path = ProductDetailCoordinator.swift; sourceTree = "<group>"; };
		78F26F0C2C598C7B0083A26E /* ProductDetailViewController.swift */ = {isa = PBXFileReference; lastKnownFileType = sourcecode.swift; path = ProductDetailViewController.swift; sourceTree = "<group>"; };
		78F26F0F2C598E070083A26E /* ProductDetailInteractor.swift */ = {isa = PBXFileReference; lastKnownFileType = sourcecode.swift; path = ProductDetailInteractor.swift; sourceTree = "<group>"; };
		78F26F112C598E240083A26E /* ProductDetailRemoteDataSource.swift */ = {isa = PBXFileReference; lastKnownFileType = sourcecode.swift; path = ProductDetailRemoteDataSource.swift; sourceTree = "<group>"; };
		78F26F132C598ECD0083A26E /* ProductDetailViewModel.swift */ = {isa = PBXFileReference; lastKnownFileType = sourcecode.swift; path = ProductDetailViewModel.swift; sourceTree = "<group>"; };
		78F26F152C598EEF0083A26E /* ProductDetailState.swift */ = {isa = PBXFileReference; lastKnownFileType = sourcecode.swift; path = ProductDetailState.swift; sourceTree = "<group>"; };
		78F26F172C599BDC0083A26E /* Doubles.swift */ = {isa = PBXFileReference; lastKnownFileType = sourcecode.swift; path = Doubles.swift; sourceTree = "<group>"; };
		9C4980812926903B00865576 /* KingBurguer.app */ = {isa = PBXFileReference; explicitFileType = wrapper.application; includeInIndex = 0; path = KingBurguer.app; sourceTree = BUILT_PRODUCTS_DIR; };
		9C4980842926903B00865576 /* AppDelegate.swift */ = {isa = PBXFileReference; lastKnownFileType = sourcecode.swift; path = AppDelegate.swift; sourceTree = "<group>"; };
		9C4980862926903B00865576 /* SceneDelegate.swift */ = {isa = PBXFileReference; lastKnownFileType = sourcecode.swift; path = SceneDelegate.swift; sourceTree = "<group>"; };
		9C49808D2926903D00865576 /* Assets.xcassets */ = {isa = PBXFileReference; lastKnownFileType = folder.assetcatalog; path = Assets.xcassets; sourceTree = "<group>"; };
		9C4980902926903D00865576 /* Base */ = {isa = PBXFileReference; lastKnownFileType = file.storyboard; name = Base; path = Base.lproj/LaunchScreen.storyboard; sourceTree = "<group>"; };
		9C4980922926903D00865576 /* Info.plist */ = {isa = PBXFileReference; lastKnownFileType = text.plist.xml; path = Info.plist; sourceTree = "<group>"; };
		9C49809A2926D22500865576 /* SignInViewController.swift */ = {isa = PBXFileReference; lastKnownFileType = sourcecode.swift; path = SignInViewController.swift; sourceTree = "<group>"; };
		9C952EFB2927E37F001DD7AA /* SignInViewModel.swift */ = {isa = PBXFileReference; lastKnownFileType = sourcecode.swift; path = SignInViewModel.swift; sourceTree = "<group>"; };
/* End PBXFileReference section */

/* Begin PBXFrameworksBuildPhase section */
		9C49807E2926903B00865576 /* Frameworks */ = {
			isa = PBXFrameworksBuildPhase;
			buildActionMask = 2147483647;
			files = (
				78F26EFF2C58F6E70083A26E /* SDWebImageMapKit in Frameworks */,
				78F26EFD2C58F6E70083A26E /* SDWebImage in Frameworks */,
			);
			runOnlyForDeploymentPostprocessing = 0;
		};
/* End PBXFrameworksBuildPhase section */

/* Begin PBXGroup section */
		7805BC0C2BF7CFFC00D89105 /* Common */ = {
			isa = PBXGroup;
			children = (
				78F26ED42C5828560083A26E /* Model */,
				7805BC0D2BF7D00800D89105 /* View */,
				78CA83582C52EF5D00944835 /* WebServiceApi.swift */,
				78F26EE12C58C9090083A26E /* LocalDataSource.swift */,
			);
			path = Common;
			sourceTree = "<group>";
		};
		7805BC0D2BF7D00800D89105 /* View */ = {
			isa = PBXGroup;
			children = (
				7805BC0E2BF7D01B00D89105 /* LoadingButton.swift */,
				78C6A2AF2C00D0E2004BA684 /* TextField.swift */,
				78E6DC812C5186F50065311E /* StringExtension.swift */,
				78E6DC832C5286680065311E /* Mask.swift */,
				78F26F172C599BDC0083A26E /* Doubles.swift */,
			);
			path = View;
			sourceTree = "<group>";
		};
		7805BC102BF7ED8A00D89105 /* Feed */ = {
			isa = PBXGroup;
			children = (
				78F26F022C595D740083A26E /* Coordinator */,
				78F26EF42C58E1B30083A26E /* Model */,
				78F26EF12C58E01E0083A26E /* Interactor */,
				78F26EEC2C58DC8F0083A26E /* ViewModel */,
				7805BC112BF7ED9700D89105 /* View */,
			);
			path = Feed;
			sourceTree = "<group>";
		};
		7805BC112BF7ED9700D89105 /* View */ = {
			isa = PBXGroup;
			children = (
				7805BC162BF7EDF600D89105 /* FeedViewController.swift */,
				78E481672BFBDE97004737F2 /* FeedTableViewCell.swift */,
				78DF5FDE2BFE88670056EBB6 /* FeedHighlightView.swift */,
				78C6A2AD2BFFD4F8004BA684 /* FeedCollectionViewCell.swift */,
			);
			path = View;
			sourceTree = "<group>";
		};
		7805BC122BF7ED9D00D89105 /* Profile */ = {
			isa = PBXGroup;
			children = (
				7805BC132BF7EDA600D89105 /* View */,
			);
			path = Profile;
			sourceTree = "<group>";
		};
		7805BC132BF7EDA600D89105 /* View */ = {
			isa = PBXGroup;
			children = (
				7805BC182BF7EE1700D89105 /* ProfileViewController.swift */,
			);
			path = View;
			sourceTree = "<group>";
		};
		7805BC142BF7EDAD00D89105 /* Coupon */ = {
			isa = PBXGroup;
			children = (
				7805BC152BF7EDB500D89105 /* View */,
			);
			path = Coupon;
			sourceTree = "<group>";
		};
		7805BC152BF7EDB500D89105 /* View */ = {
			isa = PBXGroup;
			children = (
				7805BC1A2BF7EE3100D89105 /* CouponViewController.swift */,
			);
			path = View;
			sourceTree = "<group>";
		};
		7813D7B92BEE90430053F224 /* Home */ = {
			isa = PBXGroup;
			children = (
				7813D7BC2BEE90630053F224 /* Coordinator */,
				7813D7BB2BEE90590053F224 /* ViewModel */,
				7813D7BA2BEE90500053F224 /* View */,
			);
			path = Home;
			sourceTree = "<group>";
		};
		7813D7BA2BEE90500053F224 /* View */ = {
			isa = PBXGroup;
			children = (
				7813D7BF2BEE90CC0053F224 /* HomeViewController.swift */,
			);
			path = View;
			sourceTree = "<group>";
		};
		7813D7BB2BEE90590053F224 /* ViewModel */ = {
			isa = PBXGroup;
			children = (
				7813D7C12BEE9F870053F224 /* HomeViewModel.swift */,
			);
			path = ViewModel;
			sourceTree = "<group>";
		};
		7813D7BC2BEE90630053F224 /* Coordinator */ = {
			isa = PBXGroup;
			children = (
				7813D7BD2BEE90B90053F224 /* HomeCoordinator.swift */,
			);
			path = Coordinator;
			sourceTree = "<group>";
		};
		78CA835A2C54BE0C00944835 /* model */ = {
			isa = PBXGroup;
			children = (
				78CA835B2C54BE2200944835 /* SignUpRequest.swift */,
				78D3945C2C55577B00140C3D /* SignUpResponseError.swift */,
				78D3945E2C55A78600140C3D /* SignUpResponse.swift */,
			);
			path = model;
			sourceTree = "<group>";
		};
		78D394602C57FC6500140C3D /* Model */ = {
			isa = PBXGroup;
			children = (
				78D394612C57FC7C00140C3D /* SignInRequest.swift */,
				78D394632C57FF2B00140C3D /* SignInResponseError.swift */,
				78F26ED22C5818F10083A26E /* SignInResponse.swift */,
			);
			path = Model;
			sourceTree = "<group>";
		};
		78D9B8932BE5390B002A6BA3 /* Coordinator */ = {
			isa = PBXGroup;
			children = (
				78D9B8942BE53936002A6BA3 /* SignInCoordinator.swift */,
			);
			path = Coordinator;
			sourceTree = "<group>";
		};
		78D9B8962BE55314002A6BA3 /* Coordinator */ = {
			isa = PBXGroup;
			children = (
				78D9B8972BE55325002A6BA3 /* SignUpCoordinator.swift */,
			);
			path = Coordinator;
			sourceTree = "<group>";
		};
		78E11FB82BD84454007379A8 /* SignUp */ = {
			isa = PBXGroup;
			children = (
				78F26ED72C582AD90083A26E /* Interactor */,
				78CA835A2C54BE0C00944835 /* model */,
				78D9B8962BE55314002A6BA3 /* Coordinator */,
				78E11FBA2BD84466007379A8 /* ViewModel */,
				78E11FB92BD8445D007379A8 /* View */,
			);
			path = SignUp;
			sourceTree = "<group>";
		};
		78E11FB92BD8445D007379A8 /* View */ = {
			isa = PBXGroup;
			children = (
				78E11FBB2BD8447D007379A8 /* SignUpViewController.swift */,
			);
			path = View;
			sourceTree = "<group>";
		};
		78E11FBA2BD84466007379A8 /* ViewModel */ = {
			isa = PBXGroup;
			children = (
				7813D7B52BEE89100053F224 /* SignUpViewModel.swift */,
				7813D7B72BEE89E60053F224 /* SignUpState.swift */,
			);
			path = ViewModel;
			sourceTree = "<group>";
		};
		78F26ED42C5828560083A26E /* Model */ = {
			isa = PBXGroup;
			children = (
				78F26ED52C58286E0083A26E /* ResponseUnauthorized.swift */,
				78F26EE32C58C95E0083A26E /* UserAuth.swift */,
			);
			path = Model;
			sourceTree = "<group>";
		};
		78F26ED72C582AD90083A26E /* Interactor */ = {
			isa = PBXGroup;
			children = (
				78F26ED82C582B080083A26E /* SignUpInteractor.swift */,
				78F26EDA2C583B530083A26E /* SignUpRemoteDataSource.swift */,
			);
			path = Interactor;
			sourceTree = "<group>";
		};
		78F26EDC2C58C3A90083A26E /* Interactor */ = {
			isa = PBXGroup;
			children = (
				78F26EDD2C58C3E50083A26E /* SignInRemoteDataSource.swift */,
				78F26EDF2C58C4020083A26E /* SignInInteractor.swift */,
			);
			path = Interactor;
			sourceTree = "<group>";
		};
		78F26EE52C58D2B40083A26E /* Splash */ = {
			isa = PBXGroup;
			children = (
				78F26EE62C58D2D20083A26E /* SplashInteractor.swift */,
				78F26EE82C58D3220083A26E /* SplashRequest.swift */,
				78F26EEA2C58D3E60083A26E /* SplashRemoteDataSource.swift */,
			);
			path = Splash;
			sourceTree = "<group>";
		};
		78F26EEC2C58DC8F0083A26E /* ViewModel */ = {
			isa = PBXGroup;
			children = (
				78F26EED2C58DCA60083A26E /* FeedViewModel.swift */,
				78F26EEF2C58DECA0083A26E /* FeedState.swift */,
			);
			path = ViewModel;
			sourceTree = "<group>";
		};
		78F26EF12C58E01E0083A26E /* Interactor */ = {
			isa = PBXGroup;
			children = (
				78F26EF22C58E0310083A26E /* FeedInteractor.swift */,
				78F26EF72C58E3970083A26E /* FeedRemoteDataSource.swift */,
			);
			path = Interactor;
			sourceTree = "<group>";
		};
		78F26EF42C58E1B30083A26E /* Model */ = {
			isa = PBXGroup;
			children = (
				78F26EF52C58E1C30083A26E /* FeedResponse.swift */,
				78F26EF92C58E4E00083A26E /* FeedRequest.swift */,
				78F26F002C58FDE20083A26E /* HighlightResponse.swift */,
			);
			path = Model;
			sourceTree = "<group>";
		};
		78F26F022C595D740083A26E /* Coordinator */ = {
			isa = PBXGroup;
			children = (
				78F26F032C595E190083A26E /* FeedCoordinator.swift */,
			);
			path = Coordinator;
			sourceTree = "<group>";
		};
		78F26F052C598BB50083A26E /* ProductDetail */ = {
			isa = PBXGroup;
			children = (
				78F26F0E2C598DEC0083A26E /* Interactor */,
				78F26F092C598BFC0083A26E /* Model */,
				78F26F082C598BF00083A26E /* ViewModel */,
				78F26F062C598BC20083A26E /* View */,
				78F26F0A2C598C520083A26E /* ProductDetailCoordinator.swift */,
			);
			path = ProductDetail;
			sourceTree = "<group>";
		};
		78F26F062C598BC20083A26E /* View */ = {
			isa = PBXGroup;
			children = (
				78F26F0C2C598C7B0083A26E /* ProductDetailViewController.swift */,
			);
			path = View;
			sourceTree = "<group>";
		};
		78F26F082C598BF00083A26E /* ViewModel */ = {
			isa = PBXGroup;
			children = (
				78F26F132C598ECD0083A26E /* ProductDetailViewModel.swift */,
				78F26F152C598EEF0083A26E /* ProductDetailState.swift */,
			);
			path = ViewModel;
			sourceTree = "<group>";
		};
		78F26F092C598BFC0083A26E /* Model */ = {
			isa = PBXGroup;
			children = (
			);
			path = Model;
			sourceTree = "<group>";
		};
		78F26F0E2C598DEC0083A26E /* Interactor */ = {
			isa = PBXGroup;
			children = (
				78F26F0F2C598E070083A26E /* ProductDetailInteractor.swift */,
				78F26F112C598E240083A26E /* ProductDetailRemoteDataSource.swift */,
			);
			path = Interactor;
			sourceTree = "<group>";
		};
		9C4980782926903B00865576 = {
			isa = PBXGroup;
			children = (
				9C4980832926903B00865576 /* KingBurguer */,
				9C4980822926903B00865576 /* Products */,
			);
			sourceTree = "<group>";
		};
		9C4980822926903B00865576 /* Products */ = {
			isa = PBXGroup;
			children = (
				9C4980812926903B00865576 /* KingBurguer.app */,
			);
			name = Products;
			sourceTree = "<group>";
		};
		9C4980832926903B00865576 /* KingBurguer */ = {
			isa = PBXGroup;
			children = (
				78F26F052C598BB50083A26E /* ProductDetail */,
				78F26EE52C58D2B40083A26E /* Splash */,
				7805BC142BF7EDAD00D89105 /* Coupon */,
				7805BC122BF7ED9D00D89105 /* Profile */,
				7805BC102BF7ED8A00D89105 /* Feed */,
				7805BC0C2BF7CFFC00D89105 /* Common */,
				7813D7B92BEE90430053F224 /* Home */,
				78E11FB82BD84454007379A8 /* SignUp */,
				9C4980982926D1E600865576 /* SignIn */,
				9C4980842926903B00865576 /* AppDelegate.swift */,
				9C4980862926903B00865576 /* SceneDelegate.swift */,
				9C49808D2926903D00865576 /* Assets.xcassets */,
				9C49808F2926903D00865576 /* LaunchScreen.storyboard */,
				9C4980922926903D00865576 /* Info.plist */,
			);
			path = KingBurguer;
			sourceTree = "<group>";
		};
		9C4980982926D1E600865576 /* SignIn */ = {
			isa = PBXGroup;
			children = (
				78F26EDC2C58C3A90083A26E /* Interactor */,
				78D394602C57FC6500140C3D /* Model */,
				78D9B8932BE5390B002A6BA3 /* Coordinator */,
				9C952EFA2927E373001DD7AA /* ViewModel */,
				9C4980992926D1F200865576 /* View */,
			);
			path = SignIn;
			sourceTree = "<group>";
		};
		9C4980992926D1F200865576 /* View */ = {
			isa = PBXGroup;
			children = (
				9C49809A2926D22500865576 /* SignInViewController.swift */,
			);
			path = View;
			sourceTree = "<group>";
		};
		9C952EFA2927E373001DD7AA /* ViewModel */ = {
			isa = PBXGroup;
			children = (
				9C952EFB2927E37F001DD7AA /* SignInViewModel.swift */,
				78E11FB62BD83224007379A8 /* SignInState.swift */,
			);
			path = ViewModel;
			sourceTree = "<group>";
		};
/* End PBXGroup section */

/* Begin PBXNativeTarget section */
		9C4980802926903B00865576 /* KingBurguer */ = {
			isa = PBXNativeTarget;
			buildConfigurationList = 9C4980952926903D00865576 /* Build configuration list for PBXNativeTarget "KingBurguer" */;
			buildPhases = (
				9C49807D2926903B00865576 /* Sources */,
				9C49807E2926903B00865576 /* Frameworks */,
				9C49807F2926903B00865576 /* Resources */,
			);
			buildRules = (
			);
			dependencies = (
			);
			name = KingBurguer;
			packageProductDependencies = (
				78F26EFC2C58F6E70083A26E /* SDWebImage */,
				78F26EFE2C58F6E70083A26E /* SDWebImageMapKit */,
			);
			productName = KingBurguer;
			productReference = 9C4980812926903B00865576 /* KingBurguer.app */;
			productType = "com.apple.product-type.application";
		};
/* End PBXNativeTarget section */

/* Begin PBXProject section */
		9C4980792926903B00865576 /* Project object */ = {
			isa = PBXProject;
			attributes = {
				BuildIndependentTargetsInParallel = 1;
				LastSwiftUpdateCheck = 1410;
				LastUpgradeCheck = 1410;
				TargetAttributes = {
					9C4980802926903B00865576 = {
						CreatedOnToolsVersion = 14.1;
					};
				};
			};
			buildConfigurationList = 9C49807C2926903B00865576 /* Build configuration list for PBXProject "KingBurguer" */;
			compatibilityVersion = "Xcode 14.0";
			developmentRegion = en;
			hasScannedForEncodings = 0;
			knownRegions = (
				en,
				Base,
			);
			mainGroup = 9C4980782926903B00865576;
			packageReferences = (
				78F26EFB2C58F6E60083A26E /* XCRemoteSwiftPackageReference "SDWebImage" */,
			);
			productRefGroup = 9C4980822926903B00865576 /* Products */;
			projectDirPath = "";
			projectRoot = "";
			targets = (
				9C4980802926903B00865576 /* KingBurguer */,
			);
		};
/* End PBXProject section */

/* Begin PBXResourcesBuildPhase section */
		9C49807F2926903B00865576 /* Resources */ = {
			isa = PBXResourcesBuildPhase;
			buildActionMask = 2147483647;
			files = (
				9C4980912926903D00865576 /* LaunchScreen.storyboard in Resources */,
				9C49808E2926903D00865576 /* Assets.xcassets in Resources */,
			);
			runOnlyForDeploymentPostprocessing = 0;
		};
/* End PBXResourcesBuildPhase section */

/* Begin PBXSourcesBuildPhase section */
		9C49807D2926903B00865576 /* Sources */ = {
			isa = PBXSourcesBuildPhase;
			buildActionMask = 2147483647;
			files = (
				78E11FBC2BD8447D007379A8 /* SignUpViewController.swift in Sources */,
				78F26F122C598E240083A26E /* ProductDetailRemoteDataSource.swift in Sources */,
				78D3945D2C55577B00140C3D /* SignUpResponseError.swift in Sources */,
				78F26EDB2C583B530083A26E /* SignUpRemoteDataSource.swift in Sources */,
				78F26F102C598E070083A26E /* ProductDetailInteractor.swift in Sources */,
				78F26ED92C582B080083A26E /* SignUpInteractor.swift in Sources */,
				9C952EFC2927E37F001DD7AA /* SignInViewModel.swift in Sources */,
				78C6A2AE2BFFD4F8004BA684 /* FeedCollectionViewCell.swift in Sources */,
				78F26EE22C58C9090083A26E /* LocalDataSource.swift in Sources */,
				78F26F182C599BDC0083A26E /* Doubles.swift in Sources */,
				78F26EEE2C58DCA60083A26E /* FeedViewModel.swift in Sources */,
				78C6A2B02C00D0E2004BA684 /* TextField.swift in Sources */,
				9C49809B2926D22500865576 /* SignInViewController.swift in Sources */,
				9C4980852926903B00865576 /* AppDelegate.swift in Sources */,
				7813D7B62BEE89100053F224 /* SignUpViewModel.swift in Sources */,
				78F26EDE2C58C3E50083A26E /* SignInRemoteDataSource.swift in Sources */,
				78DF5FDF2BFE88670056EBB6 /* FeedHighlightView.swift in Sources */,
				78D9B8982BE55325002A6BA3 /* SignUpCoordinator.swift in Sources */,
				78F26EF02C58DECA0083A26E /* FeedState.swift in Sources */,
				78F26EF82C58E3970083A26E /* FeedRemoteDataSource.swift in Sources */,
				78F26EFA2C58E4E00083A26E /* FeedRequest.swift in Sources */,
				78F26F0B2C598C520083A26E /* ProductDetailCoordinator.swift in Sources */,
				78F26F012C58FDE20083A26E /* HighlightResponse.swift in Sources */,
				78F26ED62C58286E0083A26E /* ResponseUnauthorized.swift in Sources */,
				7805BC1B2BF7EE3100D89105 /* CouponViewController.swift in Sources */,
				78E481682BFBDE97004737F2 /* FeedTableViewCell.swift in Sources */,
				78F26EEB2C58D3E60083A26E /* SplashRemoteDataSource.swift in Sources */,
				78F26F162C598EEF0083A26E /* ProductDetailState.swift in Sources */,
				78F26F142C598ECD0083A26E /* ProductDetailViewModel.swift in Sources */,
				7805BC192BF7EE1700D89105 /* ProfileViewController.swift in Sources */,
				78F26EE42C58C95E0083A26E /* UserAuth.swift in Sources */,
				78D9B8952BE53936002A6BA3 /* SignInCoordinator.swift in Sources */,
				7805BC172BF7EDF600D89105 /* FeedViewController.swift in Sources */,
				7813D7B82BEE89E60053F224 /* SignUpState.swift in Sources */,
				78D3945F2C55A78600140C3D /* SignUpResponse.swift in Sources */,
				78CA835C2C54BE2200944835 /* SignUpRequest.swift in Sources */,
				78CA83592C52EF5D00944835 /* WebServiceApi.swift in Sources */,
				78F26EF32C58E0310083A26E /* FeedInteractor.swift in Sources */,
				78F26EE92C58D3220083A26E /* SplashRequest.swift in Sources */,
				7805BC0F2BF7D01B00D89105 /* LoadingButton.swift in Sources */,
				78E6DC842C5286680065311E /* Mask.swift in Sources */,
				78D394642C57FF2B00140C3D /* SignInResponseError.swift in Sources */,
				7813D7C22BEE9F870053F224 /* HomeViewModel.swift in Sources */,
				78F26EE72C58D2D20083A26E /* SplashInteractor.swift in Sources */,
				9C4980872926903B00865576 /* SceneDelegate.swift in Sources */,
				78E11FB72BD83224007379A8 /* SignInState.swift in Sources */,
				78F26F042C595E190083A26E /* FeedCoordinator.swift in Sources */,
				7813D7BE2BEE90B90053F224 /* HomeCoordinator.swift in Sources */,
				78D394622C57FC7C00140C3D /* SignInRequest.swift in Sources */,
				78F26ED32C5818F10083A26E /* SignInResponse.swift in Sources */,
				78F26EF62C58E1C30083A26E /* FeedResponse.swift in Sources */,
				78E6DC822C5186F50065311E /* StringExtension.swift in Sources */,
				78F26F0D2C598C7B0083A26E /* ProductDetailViewController.swift in Sources */,
				78F26EE02C58C4020083A26E /* SignInInteractor.swift in Sources */,
				7813D7C02BEE90CC0053F224 /* HomeViewController.swift in Sources */,
			);
			runOnlyForDeploymentPostprocessing = 0;
		};
/* End PBXSourcesBuildPhase section */

/* Begin PBXVariantGroup section */
		9C49808F2926903D00865576 /* LaunchScreen.storyboard */ = {
			isa = PBXVariantGroup;
			children = (
				9C4980902926903D00865576 /* Base */,
			);
			name = LaunchScreen.storyboard;
			sourceTree = "<group>";
		};
/* End PBXVariantGroup section */

/* Begin XCBuildConfiguration section */
		9C4980932926903D00865576 /* Debug */ = {
			isa = XCBuildConfiguration;
			buildSettings = {
				ALWAYS_SEARCH_USER_PATHS = NO;
				CLANG_ANALYZER_NONNULL = YES;
				CLANG_ANALYZER_NUMBER_OBJECT_CONVERSION = YES_AGGRESSIVE;
				CLANG_CXX_LANGUAGE_STANDARD = "gnu++20";
				CLANG_ENABLE_MODULES = YES;
				CLANG_ENABLE_OBJC_ARC = YES;
				CLANG_ENABLE_OBJC_WEAK = YES;
				CLANG_WARN_BLOCK_CAPTURE_AUTORELEASING = YES;
				CLANG_WARN_BOOL_CONVERSION = YES;
				CLANG_WARN_COMMA = YES;
				CLANG_WARN_CONSTANT_CONVERSION = YES;
				CLANG_WARN_DEPRECATED_OBJC_IMPLEMENTATIONS = YES;
				CLANG_WARN_DIRECT_OBJC_ISA_USAGE = YES_ERROR;
				CLANG_WARN_DOCUMENTATION_COMMENTS = YES;
				CLANG_WARN_EMPTY_BODY = YES;
				CLANG_WARN_ENUM_CONVERSION = YES;
				CLANG_WARN_INFINITE_RECURSION = YES;
				CLANG_WARN_INT_CONVERSION = YES;
				CLANG_WARN_NON_LITERAL_NULL_CONVERSION = YES;
				CLANG_WARN_OBJC_IMPLICIT_RETAIN_SELF = YES;
				CLANG_WARN_OBJC_LITERAL_CONVERSION = YES;
				CLANG_WARN_OBJC_ROOT_CLASS = YES_ERROR;
				CLANG_WARN_QUOTED_INCLUDE_IN_FRAMEWORK_HEADER = YES;
				CLANG_WARN_RANGE_LOOP_ANALYSIS = YES;
				CLANG_WARN_STRICT_PROTOTYPES = YES;
				CLANG_WARN_SUSPICIOUS_MOVE = YES;
				CLANG_WARN_UNGUARDED_AVAILABILITY = YES_AGGRESSIVE;
				CLANG_WARN_UNREACHABLE_CODE = YES;
				CLANG_WARN__DUPLICATE_METHOD_MATCH = YES;
				COPY_PHASE_STRIP = NO;
				DEBUG_INFORMATION_FORMAT = dwarf;
				ENABLE_STRICT_OBJC_MSGSEND = YES;
				ENABLE_TESTABILITY = YES;
				GCC_C_LANGUAGE_STANDARD = gnu11;
				GCC_DYNAMIC_NO_PIC = NO;
				GCC_NO_COMMON_BLOCKS = YES;
				GCC_OPTIMIZATION_LEVEL = 0;
				GCC_PREPROCESSOR_DEFINITIONS = (
					"DEBUG=1",
					"$(inherited)",
				);
				GCC_WARN_64_TO_32_BIT_CONVERSION = YES;
				GCC_WARN_ABOUT_RETURN_TYPE = YES_ERROR;
				GCC_WARN_UNDECLARED_SELECTOR = YES;
				GCC_WARN_UNINITIALIZED_AUTOS = YES_AGGRESSIVE;
				GCC_WARN_UNUSED_FUNCTION = YES;
				GCC_WARN_UNUSED_VARIABLE = YES;
				IPHONEOS_DEPLOYMENT_TARGET = 16.1;
				MTL_ENABLE_DEBUG_INFO = INCLUDE_SOURCE;
				MTL_FAST_MATH = YES;
				ONLY_ACTIVE_ARCH = YES;
				SDKROOT = iphoneos;
				SWIFT_ACTIVE_COMPILATION_CONDITIONS = DEBUG;
				SWIFT_OPTIMIZATION_LEVEL = "-Onone";
			};
			name = Debug;
		};
		9C4980942926903D00865576 /* Release */ = {
			isa = XCBuildConfiguration;
			buildSettings = {
				ALWAYS_SEARCH_USER_PATHS = NO;
				CLANG_ANALYZER_NONNULL = YES;
				CLANG_ANALYZER_NUMBER_OBJECT_CONVERSION = YES_AGGRESSIVE;
				CLANG_CXX_LANGUAGE_STANDARD = "gnu++20";
				CLANG_ENABLE_MODULES = YES;
				CLANG_ENABLE_OBJC_ARC = YES;
				CLANG_ENABLE_OBJC_WEAK = YES;
				CLANG_WARN_BLOCK_CAPTURE_AUTORELEASING = YES;
				CLANG_WARN_BOOL_CONVERSION = YES;
				CLANG_WARN_COMMA = YES;
				CLANG_WARN_CONSTANT_CONVERSION = YES;
				CLANG_WARN_DEPRECATED_OBJC_IMPLEMENTATIONS = YES;
				CLANG_WARN_DIRECT_OBJC_ISA_USAGE = YES_ERROR;
				CLANG_WARN_DOCUMENTATION_COMMENTS = YES;
				CLANG_WARN_EMPTY_BODY = YES;
				CLANG_WARN_ENUM_CONVERSION = YES;
				CLANG_WARN_INFINITE_RECURSION = YES;
				CLANG_WARN_INT_CONVERSION = YES;
				CLANG_WARN_NON_LITERAL_NULL_CONVERSION = YES;
				CLANG_WARN_OBJC_IMPLICIT_RETAIN_SELF = YES;
				CLANG_WARN_OBJC_LITERAL_CONVERSION = YES;
				CLANG_WARN_OBJC_ROOT_CLASS = YES_ERROR;
				CLANG_WARN_QUOTED_INCLUDE_IN_FRAMEWORK_HEADER = YES;
				CLANG_WARN_RANGE_LOOP_ANALYSIS = YES;
				CLANG_WARN_STRICT_PROTOTYPES = YES;
				CLANG_WARN_SUSPICIOUS_MOVE = YES;
				CLANG_WARN_UNGUARDED_AVAILABILITY = YES_AGGRESSIVE;
				CLANG_WARN_UNREACHABLE_CODE = YES;
				CLANG_WARN__DUPLICATE_METHOD_MATCH = YES;
				COPY_PHASE_STRIP = NO;
				DEBUG_INFORMATION_FORMAT = "dwarf-with-dsym";
				ENABLE_NS_ASSERTIONS = NO;
				ENABLE_STRICT_OBJC_MSGSEND = YES;
				GCC_C_LANGUAGE_STANDARD = gnu11;
				GCC_NO_COMMON_BLOCKS = YES;
				GCC_WARN_64_TO_32_BIT_CONVERSION = YES;
				GCC_WARN_ABOUT_RETURN_TYPE = YES_ERROR;
				GCC_WARN_UNDECLARED_SELECTOR = YES;
				GCC_WARN_UNINITIALIZED_AUTOS = YES_AGGRESSIVE;
				GCC_WARN_UNUSED_FUNCTION = YES;
				GCC_WARN_UNUSED_VARIABLE = YES;
				IPHONEOS_DEPLOYMENT_TARGET = 16.1;
				MTL_ENABLE_DEBUG_INFO = NO;
				MTL_FAST_MATH = YES;
				SDKROOT = iphoneos;
				SWIFT_COMPILATION_MODE = wholemodule;
				SWIFT_OPTIMIZATION_LEVEL = "-O";
				VALIDATE_PRODUCT = YES;
			};
			name = Release;
		};
		9C4980962926903D00865576 /* Debug */ = {
			isa = XCBuildConfiguration;
			buildSettings = {
				ASSETCATALOG_COMPILER_APPICON_NAME = AppIcon;
				ASSETCATALOG_COMPILER_GLOBAL_ACCENT_COLOR_NAME = AccentColor;
				CODE_SIGN_STYLE = Automatic;
				CURRENT_PROJECT_VERSION = 1;
				GENERATE_INFOPLIST_FILE = YES;
				INFOPLIST_FILE = KingBurguer/Info.plist;
				INFOPLIST_KEY_UIApplicationSupportsIndirectInputEvents = YES;
				INFOPLIST_KEY_UILaunchStoryboardName = LaunchScreen;
				INFOPLIST_KEY_UISupportedInterfaceOrientations_iPad = "UIInterfaceOrientationPortrait UIInterfaceOrientationPortraitUpsideDown UIInterfaceOrientationLandscapeLeft UIInterfaceOrientationLandscapeRight";
				INFOPLIST_KEY_UISupportedInterfaceOrientations_iPhone = "UIInterfaceOrientationPortrait UIInterfaceOrientationLandscapeLeft UIInterfaceOrientationLandscapeRight";
				LD_RUNPATH_SEARCH_PATHS = (
					"$(inherited)",
					"@executable_path/Frameworks",
				);
				MARKETING_VERSION = 1.0;
				PRODUCT_BUNDLE_IDENTIFIER = co.tiagoaguiar.KingBurguer;
				PRODUCT_NAME = "$(TARGET_NAME)";
				SWIFT_EMIT_LOC_STRINGS = YES;
				SWIFT_VERSION = 5.0;
				TARGETED_DEVICE_FAMILY = "1,2";
			};
			name = Debug;
		};
		9C4980972926903D00865576 /* Release */ = {
			isa = XCBuildConfiguration;
			buildSettings = {
				ASSETCATALOG_COMPILER_APPICON_NAME = AppIcon;
				ASSETCATALOG_COMPILER_GLOBAL_ACCENT_COLOR_NAME = AccentColor;
				CODE_SIGN_STYLE = Automatic;
				CURRENT_PROJECT_VERSION = 1;
				GENERATE_INFOPLIST_FILE = YES;
				INFOPLIST_FILE = KingBurguer/Info.plist;
				INFOPLIST_KEY_UIApplicationSupportsIndirectInputEvents = YES;
				INFOPLIST_KEY_UILaunchStoryboardName = LaunchScreen;
				INFOPLIST_KEY_UISupportedInterfaceOrientations_iPad = "UIInterfaceOrientationPortrait UIInterfaceOrientationPortraitUpsideDown UIInterfaceOrientationLandscapeLeft UIInterfaceOrientationLandscapeRight";
				INFOPLIST_KEY_UISupportedInterfaceOrientations_iPhone = "UIInterfaceOrientationPortrait UIInterfaceOrientationLandscapeLeft UIInterfaceOrientationLandscapeRight";
				LD_RUNPATH_SEARCH_PATHS = (
					"$(inherited)",
					"@executable_path/Frameworks",
				);
				MARKETING_VERSION = 1.0;
				PRODUCT_BUNDLE_IDENTIFIER = co.tiagoaguiar.KingBurguer;
				PRODUCT_NAME = "$(TARGET_NAME)";
				SWIFT_EMIT_LOC_STRINGS = YES;
				SWIFT_VERSION = 5.0;
				TARGETED_DEVICE_FAMILY = "1,2";
			};
			name = Release;
		};
/* End XCBuildConfiguration section */

/* Begin XCConfigurationList section */
		9C49807C2926903B00865576 /* Build configuration list for PBXProject "KingBurguer" */ = {
			isa = XCConfigurationList;
			buildConfigurations = (
				9C4980932926903D00865576 /* Debug */,
				9C4980942926903D00865576 /* Release */,
			);
			defaultConfigurationIsVisible = 0;
			defaultConfigurationName = Release;
		};
		9C4980952926903D00865576 /* Build configuration list for PBXNativeTarget "KingBurguer" */ = {
			isa = XCConfigurationList;
			buildConfigurations = (
				9C4980962926903D00865576 /* Debug */,
				9C4980972926903D00865576 /* Release */,
			);
			defaultConfigurationIsVisible = 0;
			defaultConfigurationName = Release;
		};
/* End XCConfigurationList section */

/* Begin XCRemoteSwiftPackageReference section */
		78F26EFB2C58F6E60083A26E /* XCRemoteSwiftPackageReference "SDWebImage" */ = {
			isa = XCRemoteSwiftPackageReference;
			repositoryURL = "https://github.com/SDWebImage/SDWebImage";
			requirement = {
				kind = upToNextMajorVersion;
				minimumVersion = 5.19.5;
			};
		};
/* End XCRemoteSwiftPackageReference section */

/* Begin XCSwiftPackageProductDependency section */
		78F26EFC2C58F6E70083A26E /* SDWebImage */ = {
			isa = XCSwiftPackageProductDependency;
			package = 78F26EFB2C58F6E60083A26E /* XCRemoteSwiftPackageReference "SDWebImage" */;
			productName = SDWebImage;
		};
		78F26EFE2C58F6E70083A26E /* SDWebImageMapKit */ = {
			isa = XCSwiftPackageProductDependency;
			package = 78F26EFB2C58F6E60083A26E /* XCRemoteSwiftPackageReference "SDWebImage" */;
			productName = SDWebImageMapKit;
		};
/* End XCSwiftPackageProductDependency section */
	};
	rootObject = 9C4980792926903B00865576 /* Project object */;
}
